// !$*UTF8*$!
{
	archiveVersion = 1;
	classes = {
	};
	objectVersion = 56;
	objects = {

/* Begin PBXBuildFile section */
		EB87EC3AB8DE5BCC303A818A /* AppDelegate.swift in Sources */ = {isa = PBXBuildFile; fileRef = 295766E94B5321C48318B4B9 /* AppDelegate.swift */; };
		C95E982A58E67A785EB9D857 /* GameViewController.swift in Sources */ = {isa = PBXBuildFile; fileRef = 0B4E20D2348D23A35FDBA21F /* GameViewController.swift */; };
		6C5F0D65339D37BEA8332999 /* Coach.swift in Sources */ = {isa = PBXBuildFile; fileRef = 4B6C0B91C39F13F9005B75FA /* Coach.swift */; };
		7BA25CFB184521A2EBC8F49D /* Field.swift in Sources */ = {isa = PBXBuildFile; fileRef = 16DF79DBC6E04C93BDDE1EDA /* Field.swift */; };
		C95092057A45EA03FB7CBCF9 /* Playbook.swift in Sources */ = {isa = PBXBuildFile; fileRef = CEDAB4460BBCD91A3A970716 /* Playbook.swift */; };
		7FD60AFB045F14376683EC4B /* RNG.swift in Sources */ = {isa = PBXBuildFile; fileRef = AA321DBC9F4C3E08DFFB3003 /* RNG.swift */; };
		227F7E0CE6E5E357F1866BE1 /* Rules.swift in Sources */ = {isa = PBXBuildFile; fileRef = 7697BC1C059AF6A3EF993652 /* Rules.swift */; };
		7CAEC90A0784656CD800200B /* SimTypes.swift in Sources */ = {isa = PBXBuildFile; fileRef = C980EB92874F30E572FFF3FE /* SimTypes.swift */; };
		28259CB1D65D57005A089E06 /* Simulation.swift in Sources */ = {isa = PBXBuildFile; fileRef = B8AC8DFD9F96BAD2188372FC /* Simulation.swift */; };
		FCFEBBC6ADEABD99CDDD016E /* SimulationAI.swift in Sources */ = {isa = PBXBuildFile; fileRef = 90F3A1601631804C64245175 /* SimulationAI.swift */; };
		293E62D225EF2BF0828C7B89 /* SimulationKicks.swift in Sources */ = {isa = PBXBuildFile; fileRef = 6594AFF66412281F778A6DAB /* SimulationKicks.swift */; };
		7FFF09C91EF58641CC18EB15 /* Teams.swift in Sources */ = {isa = PBXBuildFile; fileRef = 8D37B33148EB1FA93489B47C /* Teams.swift */; };
		F261175D5E24148EF69A556A /* Tuning.swift in Sources */ = {isa = PBXBuildFile; fileRef = F06D28E21AA9E5217FDEF4C8 /* Tuning.swift */; };
		C4510BC55DEA425AC9EABBF9 /* Vec2.swift in Sources */ = {isa = PBXBuildFile; fileRef = 369C53B34D7F788B9DB4DC7D /* Vec2.swift */; };
		D3AFA1D2BFEB2821A3CA4ECC /* FieldNode.swift in Sources */ = {isa = PBXBuildFile; fileRef = 00C585578F98227A479799F3 /* FieldNode.swift */; };
		91A4500F4E952B27FE8BED79 /* Palette.swift in Sources */ = {isa = PBXBuildFile; fileRef = 598CA65876DC9F212A078A64 /* Palette.swift */; };
		D22B1568F7B39913FFAE0145 /* PixelArt.swift in Sources */ = {isa = PBXBuildFile; fileRef = B44E11A9EEC2EAEE64D7E81E /* PixelArt.swift */; };
		7524094E4AE1CD5D1F9E1992 /* PixelFont.swift in Sources */ = {isa = PBXBuildFile; fileRef = BDF77D32D8E9C4BAF2864CF7 /* PixelFont.swift */; };
		9AFE932F32433EF475CD4959 /* PlayerNode.swift in Sources */ = {isa = PBXBuildFile; fileRef = AAAA0FA1F0FED09E3485E142 /* PlayerNode.swift */; };
		A29F268A155E0E9C922E632E /* TextureFactory.swift in Sources */ = {isa = PBXBuildFile; fileRef = 3B8146F5D3795A406B7CBFB8 /* TextureFactory.swift */; };
		2E557D5B0E9E3AC2A946C256 /* Controls.swift in Sources */ = {isa = PBXBuildFile; fileRef = A7F2A4AFB63845D69B85BA4C /* Controls.swift */; };
		4E10D74396420864A49B2BA9 /* HUDNode.swift in Sources */ = {isa = PBXBuildFile; fileRef = A4537E43C9B131F71D4E18E5 /* HUDNode.swift */; };
		4A830CC51E355C28F9C8340C /* KickMeterNode.swift in Sources */ = {isa = PBXBuildFile; fileRef = 4EC1101EF526F650D4220262 /* KickMeterNode.swift */; };
		915C40761D2CA9B91385822B /* PlayCallOverlay.swift in Sources */ = {isa = PBXBuildFile; fileRef = 1D62AA5CF8172E42A5CC343D /* PlayCallOverlay.swift */; };
		65BFFC29FA7D7305043D2382 /* GameScene.swift in Sources */ = {isa = PBXBuildFile; fileRef = 7DD7D300EA72D544C36A8864 /* GameScene.swift */; };
		D92BA4A4CFF1B9676D22A033 /* MatchConfig.swift in Sources */ = {isa = PBXBuildFile; fileRef = BC0EFDBB9156639AD5DB328C /* MatchConfig.swift */; };
		B62627A98BCE468B8A086400 /* MenuKit.swift in Sources */ = {isa = PBXBuildFile; fileRef = 9A7773F730A98BD56A806C1A /* MenuKit.swift */; };
		118CFD79D883E005ACD6404A /* ResultsScene.swift in Sources */ = {isa = PBXBuildFile; fileRef = AFD6BFC32CA591583A99CBA5 /* ResultsScene.swift */; };
		EE4B40310B2C067E01572433 /* TitleScene.swift in Sources */ = {isa = PBXBuildFile; fileRef = 3B06A122C83F0C9D7E1F609F /* TitleScene.swift */; };
		01ABFB68EB059767E74B5360 /* SFX.swift in Sources */ = {isa = PBXBuildFile; fileRef = 0A52FE73C561CF4758926F89 /* SFX.swift */; };
		EB9947BE8CB74BECA8F75ABC /* Haptics.swift in Sources */ = {isa = PBXBuildFile; fileRef = 796551AEE559A6AC40E08F1C /* Haptics.swift */; };
		42AA3ACBB073BCBE32821F4C /* Persistence.swift in Sources */ = {isa = PBXBuildFile; fileRef = 9DF23FDCAED6986505175CDE /* Persistence.swift */; };
		C5E6C8416D457BD0667028EE /* FieldAndArtTests.swift in Sources */ = {isa = PBXBuildFile; fileRef = 75F601F0B923C7CA37F3D946 /* FieldAndArtTests.swift */; };
		CFFE80259721FE4C394C0FD5 /* RulesTests.swift in Sources */ = {isa = PBXBuildFile; fileRef = 510B66762BD8D28A9AAD0D1A /* RulesTests.swift */; };
		F07340C8612FFA92131D92BF /* SimulationTests.swift in Sources */ = {isa = PBXBuildFile; fileRef = FC46D263DF59C83E5C27538A /* SimulationTests.swift */; };
/* End PBXBuildFile section */

/* Begin PBXContainerItemProxy section */
		651672CF0F54B9D30C00E64D /* PBXContainerItemProxy */ = {
			isa = PBXContainerItemProxy;
			containerPortal = 7199E3342D086E4F01A0625F /* Project object */;
			proxyType = 1;
			remoteGlobalIDString = 4B11ACF5EA186477A4B0C0C0;
			remoteInfo = PixelGridiron;
		};
/* End PBXContainerItemProxy section */

/* Begin PBXFileReference section */
		295766E94B5321C48318B4B9 /* AppDelegate.swift */ = {isa = PBXFileReference; lastKnownFileType = sourcecode.swift; path = AppDelegate.swift; sourceTree = "<group>"; };
		0B4E20D2348D23A35FDBA21F /* GameViewController.swift */ = {isa = PBXFileReference; lastKnownFileType = sourcecode.swift; path = GameViewController.swift; sourceTree = "<group>"; };
		4B6C0B91C39F13F9005B75FA /* Coach.swift */ = {isa = PBXFileReference; lastKnownFileType = sourcecode.swift; path = Coach.swift; sourceTree = "<group>"; };
		16DF79DBC6E04C93BDDE1EDA /* Field.swift */ = {isa = PBXFileReference; lastKnownFileType = sourcecode.swift; path = Field.swift; sourceTree = "<group>"; };
		CEDAB4460BBCD91A3A970716 /* Playbook.swift */ = {isa = PBXFileReference; lastKnownFileType = sourcecode.swift; path = Playbook.swift; sourceTree = "<group>"; };
		AA321DBC9F4C3E08DFFB3003 /* RNG.swift */ = {isa = PBXFileReference; lastKnownFileType = sourcecode.swift; path = RNG.swift; sourceTree = "<group>"; };
		7697BC1C059AF6A3EF993652 /* Rules.swift */ = {isa = PBXFileReference; lastKnownFileType = sourcecode.swift; path = Rules.swift; sourceTree = "<group>"; };
		C980EB92874F30E572FFF3FE /* SimTypes.swift */ = {isa = PBXFileReference; lastKnownFileType = sourcecode.swift; path = SimTypes.swift; sourceTree = "<group>"; };
		B8AC8DFD9F96BAD2188372FC /* Simulation.swift */ = {isa = PBXFileReference; lastKnownFileType = sourcecode.swift; path = Simulation.swift; sourceTree = "<group>"; };
		90F3A1601631804C64245175 /* SimulationAI.swift */ = {isa = PBXFileReference; lastKnownFileType = sourcecode.swift; path = SimulationAI.swift; sourceTree = "<group>"; };
		6594AFF66412281F778A6DAB /* SimulationKicks.swift */ = {isa = PBXFileReference; lastKnownFileType = sourcecode.swift; path = SimulationKicks.swift; sourceTree = "<group>"; };
		8D37B33148EB1FA93489B47C /* Teams.swift */ = {isa = PBXFileReference; lastKnownFileType = sourcecode.swift; path = Teams.swift; sourceTree = "<group>"; };
		F06D28E21AA9E5217FDEF4C8 /* Tuning.swift */ = {isa = PBXFileReference; lastKnownFileType = sourcecode.swift; path = Tuning.swift; sourceTree = "<group>"; };
		369C53B34D7F788B9DB4DC7D /* Vec2.swift */ = {isa = PBXFileReference; lastKnownFileType = sourcecode.swift; path = Vec2.swift; sourceTree = "<group>"; };
		00C585578F98227A479799F3 /* FieldNode.swift */ = {isa = PBXFileReference; lastKnownFileType = sourcecode.swift; path = FieldNode.swift; sourceTree = "<group>"; };
		598CA65876DC9F212A078A64 /* Palette.swift */ = {isa = PBXFileReference; lastKnownFileType = sourcecode.swift; path = Palette.swift; sourceTree = "<group>"; };
		B44E11A9EEC2EAEE64D7E81E /* PixelArt.swift */ = {isa = PBXFileReference; lastKnownFileType = sourcecode.swift; path = PixelArt.swift; sourceTree = "<group>"; };
		BDF77D32D8E9C4BAF2864CF7 /* PixelFont.swift */ = {isa = PBXFileReference; lastKnownFileType = sourcecode.swift; path = PixelFont.swift; sourceTree = "<group>"; };
		AAAA0FA1F0FED09E3485E142 /* PlayerNode.swift */ = {isa = PBXFileReference; lastKnownFileType = sourcecode.swift; path = PlayerNode.swift; sourceTree = "<group>"; };
		3B8146F5D3795A406B7CBFB8 /* TextureFactory.swift */ = {isa = PBXFileReference; lastKnownFileType = sourcecode.swift; path = TextureFactory.swift; sourceTree = "<group>"; };
		A7F2A4AFB63845D69B85BA4C /* Controls.swift */ = {isa = PBXFileReference; lastKnownFileType = sourcecode.swift; path = Controls.swift; sourceTree = "<group>"; };
		A4537E43C9B131F71D4E18E5 /* HUDNode.swift */ = {isa = PBXFileReference; lastKnownFileType = sourcecode.swift; path = HUDNode.swift; sourceTree = "<group>"; };
		4EC1101EF526F650D4220262 /* KickMeterNode.swift */ = {isa = PBXFileReference; lastKnownFileType = sourcecode.swift; path = KickMeterNode.swift; sourceTree = "<group>"; };
		1D62AA5CF8172E42A5CC343D /* PlayCallOverlay.swift */ = {isa = PBXFileReference; lastKnownFileType = sourcecode.swift; path = PlayCallOverlay.swift; sourceTree = "<group>"; };
		7DD7D300EA72D544C36A8864 /* GameScene.swift */ = {isa = PBXFileReference; lastKnownFileType = sourcecode.swift; path = GameScene.swift; sourceTree = "<group>"; };
		BC0EFDBB9156639AD5DB328C /* MatchConfig.swift */ = {isa = PBXFileReference; lastKnownFileType = sourcecode.swift; path = MatchConfig.swift; sourceTree = "<group>"; };
		9A7773F730A98BD56A806C1A /* MenuKit.swift */ = {isa = PBXFileReference; lastKnownFileType = sourcecode.swift; path = MenuKit.swift; sourceTree = "<group>"; };
		AFD6BFC32CA591583A99CBA5 /* ResultsScene.swift */ = {isa = PBXFileReference; lastKnownFileType = sourcecode.swift; path = ResultsScene.swift; sourceTree = "<group>"; };
		3B06A122C83F0C9D7E1F609F /* TitleScene.swift */ = {isa = PBXFileReference; lastKnownFileType = sourcecode.swift; path = TitleScene.swift; sourceTree = "<group>"; };
		0A52FE73C561CF4758926F89 /* SFX.swift */ = {isa = PBXFileReference; lastKnownFileType = sourcecode.swift; path = SFX.swift; sourceTree = "<group>"; };
		796551AEE559A6AC40E08F1C /* Haptics.swift */ = {isa = PBXFileReference; lastKnownFileType = sourcecode.swift; path = Haptics.swift; sourceTree = "<group>"; };
		9DF23FDCAED6986505175CDE /* Persistence.swift */ = {isa = PBXFileReference; lastKnownFileType = sourcecode.swift; path = Persistence.swift; sourceTree = "<group>"; };
		75F601F0B923C7CA37F3D946 /* FieldAndArtTests.swift */ = {isa = PBXFileReference; lastKnownFileType = sourcecode.swift; path = FieldAndArtTests.swift; sourceTree = "<group>"; };
		510B66762BD8D28A9AAD0D1A /* RulesTests.swift */ = {isa = PBXFileReference; lastKnownFileType = sourcecode.swift; path = RulesTests.swift; sourceTree = "<group>"; };
		FC46D263DF59C83E5C27538A /* SimulationTests.swift */ = {isa = PBXFileReference; lastKnownFileType = sourcecode.swift; path = SimulationTests.swift; sourceTree = "<group>"; };
		FA3E65B2F67660C02FE2C55C /* Info.plist */ = {isa = PBXFileReference; lastKnownFileType = text.plist.xml; path = Info.plist; sourceTree = "<group>"; };
		12998C806A99C03BF23EF0F7 /* PixelGridiron.app */ = {isa = PBXFileReference; explicitFileType = wrapper.application; includeInIndex = 0; path = PixelGridiron.app; sourceTree = BUILT_PRODUCTS_DIR; };
		88AAA9C77F72097822E678D0 /* PixelGridironTests.xctest */ = {isa = PBXFileReference; explicitFileType = wrapper.cfbundle; includeInIndex = 0; path = PixelGridironTests.xctest; sourceTree = BUILT_PRODUCTS_DIR; };
/* End PBXFileReference section */

/* Begin PBXFrameworksBuildPhase section */
		65C1CA4E161AE27608298855 /* Frameworks */ = {
			isa = PBXFrameworksBuildPhase;
			buildActionMask = 2147483647;
			files = (
			);
			runOnlyForDeploymentPostprocessing = 0;
		};
		C8F5A0356AAEA63BA02BC505 /* Frameworks */ = {
			isa = PBXFrameworksBuildPhase;
			buildActionMask = 2147483647;
			files = (
			);
			runOnlyForDeploymentPostprocessing = 0;
		};
/* End PBXFrameworksBuildPhase section */

/* Begin PBXGroup section */
		BC89A825D3295860F54653ED = {
			isa = PBXGroup;
			children = (
				05D7E26B4BDF7A7D33CED480 /* PixelGridiron */,
				092F3529B9E6F566F20B6AD3 /* PixelGridironTests */,
				5A6A70777B81F14B31C0D1A9 /* Products */,
			);
			sourceTree = "<group>";
		};
		5A6A70777B81F14B31C0D1A9 /* Products */ = {
			isa = PBXGroup;
			children = (
				12998C806A99C03BF23EF0F7 /* PixelGridiron.app */,
				88AAA9C77F72097822E678D0 /* PixelGridironTests.xctest */,
			);
			name = Products;
			sourceTree = "<group>";
		};
		05D7E26B4BDF7A7D33CED480 /* PixelGridiron */ = {
			isa = PBXGroup;
			children = (
				BFE9D5FB561EECF07C23F374 /* App */,
				4243F06D847216A15D25ED51 /* Core */,
				593E511B3D2E1224770C5062 /* Render */,
				AAD3E20FB0F7B575C0F95F65 /* UI */,
				31E40F18F2700528703EB10D /* Scenes */,
				8E054054CCB2BBE9D0F5CC8E /* Audio */,
				E2DCE459263FA118E1CCCD55 /* Support */,
			);
			path = PixelGridiron;
			sourceTree = "<group>";
		};
		BFE9D5FB561EECF07C23F374 /* App */ = {
			isa = PBXGroup;
			children = (
				295766E94B5321C48318B4B9 /* AppDelegate.swift */,
				0B4E20D2348D23A35FDBA21F /* GameViewController.swift */,
				FA3E65B2F67660C02FE2C55C /* Info.plist */,
			);
			path = App;
			sourceTree = "<group>";
		};
		4243F06D847216A15D25ED51 /* Core */ = {
			isa = PBXGroup;
			children = (
				4B6C0B91C39F13F9005B75FA /* Coach.swift */,
				16DF79DBC6E04C93BDDE1EDA /* Field.swift */,
				CEDAB4460BBCD91A3A970716 /* Playbook.swift */,
				AA321DBC9F4C3E08DFFB3003 /* RNG.swift */,
				7697BC1C059AF6A3EF993652 /* Rules.swift */,
				C980EB92874F30E572FFF3FE /* SimTypes.swift */,
				B8AC8DFD9F96BAD2188372FC /* Simulation.swift */,
				90F3A1601631804C64245175 /* SimulationAI.swift */,
				6594AFF66412281F778A6DAB /* SimulationKicks.swift */,
				8D37B33148EB1FA93489B47C /* Teams.swift */,
				F06D28E21AA9E5217FDEF4C8 /* Tuning.swift */,
				369C53B34D7F788B9DB4DC7D /* Vec2.swift */,
			);
			path = Core;
			sourceTree = "<group>";
		};
		593E511B3D2E1224770C5062 /* Render */ = {
			isa = PBXGroup;
			children = (
				00C585578F98227A479799F3 /* FieldNode.swift */,
				598CA65876DC9F212A078A64 /* Palette.swift */,
				B44E11A9EEC2EAEE64D7E81E /* PixelArt.swift */,
				BDF77D32D8E9C4BAF2864CF7 /* PixelFont.swift */,
				AAAA0FA1F0FED09E3485E142 /* PlayerNode.swift */,
				3B8146F5D3795A406B7CBFB8 /* TextureFactory.swift */,
			);
			path = Render;
			sourceTree = "<group>";
		};
		AAD3E20FB0F7B575C0F95F65 /* UI */ = {
			isa = PBXGroup;
			children = (
				A7F2A4AFB63845D69B85BA4C /* Controls.swift */,
				A4537E43C9B131F71D4E18E5 /* HUDNode.swift */,
				4EC1101EF526F650D4220262 /* KickMeterNode.swift */,
				1D62AA5CF8172E42A5CC343D /* PlayCallOverlay.swift */,
			);
			path = UI;
			sourceTree = "<group>";
		};
		31E40F18F2700528703EB10D /* Scenes */ = {
			isa = PBXGroup;
			children = (
				7DD7D300EA72D544C36A8864 /* GameScene.swift */,
				BC0EFDBB9156639AD5DB328C /* MatchConfig.swift */,
				9A7773F730A98BD56A806C1A /* MenuKit.swift */,
				AFD6BFC32CA591583A99CBA5 /* ResultsScene.swift */,
				3B06A122C83F0C9D7E1F609F /* TitleScene.swift */,
			);
			path = Scenes;
			sourceTree = "<group>";
		};
		8E054054CCB2BBE9D0F5CC8E /* Audio */ = {
			isa = PBXGroup;
			children = (
				0A52FE73C561CF4758926F89 /* SFX.swift */,
			);
			path = Audio;
			sourceTree = "<group>";
		};
		E2DCE459263FA118E1CCCD55 /* Support */ = {
			isa = PBXGroup;
			children = (
				796551AEE559A6AC40E08F1C /* Haptics.swift */,
				9DF23FDCAED6986505175CDE /* Persistence.swift */,
			);
			path = Support;
			sourceTree = "<group>";
		};
		092F3529B9E6F566F20B6AD3 /* PixelGridironTests */ = {
			isa = PBXGroup;
			children = (
				75F601F0B923C7CA37F3D946 /* FieldAndArtTests.swift */,
				510B66762BD8D28A9AAD0D1A /* RulesTests.swift */,
				FC46D263DF59C83E5C27538A /* SimulationTests.swift */,
			);
			path = PixelGridironTests;
			sourceTree = "<group>";
		};
/* End PBXGroup section */

/* Begin PBXNativeTarget section */
		4B11ACF5EA186477A4B0C0C0 /* PixelGridiron */ = {
			isa = PBXNativeTarget;
			buildConfigurationList = FD16D670E45874076B99FED6;
			buildPhases = (
				5DFA17C4DECCB5F19AD186AE /* Sources */,
				65C1CA4E161AE27608298855 /* Frameworks */,
				4052E1A38A63B79181F82DE4 /* Resources */,
			);
			buildRules = (
			);
			dependencies = (
			);
			name = PixelGridiron;
			productName = PixelGridiron;
			productReference = 12998C806A99C03BF23EF0F7;
			productType = "com.apple.product-type.application";
		};
		20B9065EA457A072A8F496D5 /* PixelGridironTests */ = {
			isa = PBXNativeTarget;
			buildConfigurationList = D932FDDCE1AC30B85F564109;
			buildPhases = (
				D876DC15CD9345D40B17E1E3 /* Sources */,
				C8F5A0356AAEA63BA02BC505 /* Frameworks */,
				E7E2171F48BBC94BC86830FA /* Resources */,
			);
			buildRules = (
			);
			dependencies = (
				C538E45E4D0DD55904A02175 /* PBXTargetDependency */,
			);
			name = PixelGridironTests;
			productName = PixelGridironTests;
			productReference = 88AAA9C77F72097822E678D0;
			productType = "com.apple.product-type.bundle.unit-test";
		};
/* End PBXNativeTarget section */

/* Begin PBXProject section */
		7199E3342D086E4F01A0625F /* Project object */ = {
			isa = PBXProject;
			attributes = {
				BuildIndependentTargetsInParallel = 1;
				LastSwiftUpdateCheck = 1500;
				LastUpgradeCheck = 1500;
				TargetAttributes = {
					4B11ACF5EA186477A4B0C0C0 = {
						CreatedOnToolsVersion = 15.0;
					};
					20B9065EA457A072A8F496D5 = {
						CreatedOnToolsVersion = 15.0;
						TestTargetID = 4B11ACF5EA186477A4B0C0C0;
					};
				};
			};
			buildConfigurationList = 6837287988C1CC05DDAF8361;
			compatibilityVersion = "Xcode 14.0";
			developmentRegion = en;
			hasScannedForEncodings = 0;
			knownRegions = (
				en,
				Base,
			);
			mainGroup = BC89A825D3295860F54653ED;
			productRefGroup = 5A6A70777B81F14B31C0D1A9 /* Products */;
			projectDirPath = "";
			projectRoot = "";
			targets = (
				4B11ACF5EA186477A4B0C0C0 /* PixelGridiron */,
				20B9065EA457A072A8F496D5 /* PixelGridironTests */,
			);
		};
/* End PBXProject section */

/* Begin PBXResourcesBuildPhase section */
		4052E1A38A63B79181F82DE4 /* Resources */ = {
			isa = PBXResourcesBuildPhase;
			buildActionMask = 2147483647;
			files = (
			);
			runOnlyForDeploymentPostprocessing = 0;
		};
		E7E2171F48BBC94BC86830FA /* Resources */ = {
			isa = PBXResourcesBuildPhase;
			buildActionMask = 2147483647;
			files = (
			);
			runOnlyForDeploymentPostprocessing = 0;
		};
/* End PBXResourcesBuildPhase section */

/* Begin PBXSourcesBuildPhase section */
		5DFA17C4DECCB5F19AD186AE /* Sources */ = {
			isa = PBXSourcesBuildPhase;
			buildActionMask = 2147483647;
			files = (
				EB87EC3AB8DE5BCC303A818A /* AppDelegate.swift in Sources */,
				C95E982A58E67A785EB9D857 /* GameViewController.swift in Sources */,
				6C5F0D65339D37BEA8332999 /* Coach.swift in Sources */,
				7BA25CFB184521A2EBC8F49D /* Field.swift in Sources */,
				C95092057A45EA03FB7CBCF9 /* Playbook.swift in Sources */,
				7FD60AFB045F14376683EC4B /* RNG.swift in Sources */,
				227F7E0CE6E5E357F1866BE1 /* Rules.swift in Sources */,
				7CAEC90A0784656CD800200B /* SimTypes.swift in Sources */,
				28259CB1D65D57005A089E06 /* Simulation.swift in Sources */,
				FCFEBBC6ADEABD99CDDD016E /* SimulationAI.swift in Sources */,
				293E62D225EF2BF0828C7B89 /* SimulationKicks.swift in Sources */,
				7FFF09C91EF58641CC18EB15 /* Teams.swift in Sources */,
				F261175D5E24148EF69A556A /* Tuning.swift in Sources */,
				C4510BC55DEA425AC9EABBF9 /* Vec2.swift in Sources */,
				D3AFA1D2BFEB2821A3CA4ECC /* FieldNode.swift in Sources */,
				91A4500F4E952B27FE8BED79 /* Palette.swift in Sources */,
				D22B1568F7B39913FFAE0145 /* PixelArt.swift in Sources */,
				7524094E4AE1CD5D1F9E1992 /* PixelFont.swift in Sources */,
				9AFE932F32433EF475CD4959 /* PlayerNode.swift in Sources */,
				A29F268A155E0E9C922E632E /* TextureFactory.swift in Sources */,
				2E557D5B0E9E3AC2A946C256 /* Controls.swift in Sources */,
				4E10D74396420864A49B2BA9 /* HUDNode.swift in Sources */,
				4A830CC51E355C28F9C8340C /* KickMeterNode.swift in Sources */,
				915C40761D2CA9B91385822B /* PlayCallOverlay.swift in Sources */,
				65BFFC29FA7D7305043D2382 /* GameScene.swift in Sources */,
				D92BA4A4CFF1B9676D22A033 /* MatchConfig.swift in Sources */,
				B62627A98BCE468B8A086400 /* MenuKit.swift in Sources */,
				118CFD79D883E005ACD6404A /* ResultsScene.swift in Sources */,
				EE4B40310B2C067E01572433 /* TitleScene.swift in Sources */,
				01ABFB68EB059767E74B5360 /* SFX.swift in Sources */,
				EB9947BE8CB74BECA8F75ABC /* Haptics.swift in Sources */,
				42AA3ACBB073BCBE32821F4C /* Persistence.swift in Sources */,
			);
			runOnlyForDeploymentPostprocessing = 0;
		};
		D876DC15CD9345D40B17E1E3 /* Sources */ = {
			isa = PBXSourcesBuildPhase;
			buildActionMask = 2147483647;
			files = (
				C5E6C8416D457BD0667028EE /* FieldAndArtTests.swift in Sources */,
				CFFE80259721FE4C394C0FD5 /* RulesTests.swift in Sources */,
				F07340C8612FFA92131D92BF /* SimulationTests.swift in Sources */,
			);
			runOnlyForDeploymentPostprocessing = 0;
		};
/* End PBXSourcesBuildPhase section */

/* Begin PBXTargetDependency section */
		C538E45E4D0DD55904A02175 /* PBXTargetDependency */ = {
			isa = PBXTargetDependency;
			target = 4B11ACF5EA186477A4B0C0C0 /* PixelGridiron */;
			targetProxy = 651672CF0F54B9D30C00E64D /* PBXContainerItemProxy */;
		};
/* End PBXTargetDependency section */

/* Begin XCBuildConfiguration section */
		8CDD8CB06606F54773C82E58 /* Debug */ = {
			isa = XCBuildConfiguration;
			buildSettings = {
				ALWAYS_SEARCH_USER_PATHS = NO;
				CLANG_ENABLE_MODULES = YES;
				CLANG_ENABLE_OBJC_ARC = YES;
				COPY_PHASE_STRIP = NO;
				ENABLE_STRICT_OBJC_MSGSEND = YES;
				GCC_C_LANGUAGE_STANDARD = gnu11;
				GCC_NO_COMMON_BLOCKS = YES;
				IPHONEOS_DEPLOYMENT_TARGET = 16.0;
				SDKROOT = iphoneos;
				SWIFT_VERSION = 5.0;
				DEBUG_INFORMATION_FORMAT = dwarf;
				ENABLE_TESTABILITY = YES;
				GCC_OPTIMIZATION_LEVEL = 0;
				GCC_PREPROCESSOR_DEFINITIONS = ("DEBUG=1", "$(inherited)");
				MTL_ENABLE_DEBUG_INFO = INCLUDE_SOURCE;
				ONLY_ACTIVE_ARCH = YES;
				SWIFT_ACTIVE_COMPILATION_CONDITIONS = DEBUG;
				SWIFT_OPTIMIZATION_LEVEL = "-Onone";
			};
			name = Debug;
		};
		460E2D2070A11B43B5DCA1A0 /* Release */ = {
			isa = XCBuildConfiguration;
			buildSettings = {
				ALWAYS_SEARCH_USER_PATHS = NO;
				CLANG_ENABLE_MODULES = YES;
				CLANG_ENABLE_OBJC_ARC = YES;
				COPY_PHASE_STRIP = NO;
				ENABLE_STRICT_OBJC_MSGSEND = YES;
				GCC_C_LANGUAGE_STANDARD = gnu11;
				GCC_NO_COMMON_BLOCKS = YES;
				IPHONEOS_DEPLOYMENT_TARGET = 16.0;
				SDKROOT = iphoneos;
				SWIFT_VERSION = 5.0;
				DEBUG_INFORMATION_FORMAT = "dwarf-with-dsym";
				ENABLE_NS_ASSERTIONS = NO;
				MTL_ENABLE_DEBUG_INFO = NO;
				SWIFT_COMPILATION_MODE = wholemodule;
				SWIFT_OPTIMIZATION_LEVEL = "-O";
				VALIDATE_PRODUCT = YES;
			};
			name = Release;
		};
		00DFBEAE38A9669F7D45932F /* Debug */ = {
			isa = XCBuildConfiguration;
			buildSettings = {
				ASSETCATALOG_COMPILER_APPICON_NAME = "";
				CODE_SIGN_STYLE = Automatic;
				CURRENT_PROJECT_VERSION = 1;
				DEVELOPMENT_TEAM = "";
				GENERATE_INFOPLIST_FILE = NO;
				INFOPLIST_FILE = "PixelGridiron/App/Info.plist";
				LD_RUNPATH_SEARCH_PATHS = ("$(inherited)", "@executable_path/Frameworks");
				MARKETING_VERSION = 1.0;
				PRODUCT_BUNDLE_IDENTIFIER = com.example.pixelgridiron;
				PRODUCT_NAME = "$(TARGET_NAME)";
				SWIFT_EMIT_LOC_STRINGS = YES;
				TARGETED_DEVICE_FAMILY = "1,2";
			};
			name = Debug;
		};
		EE3499269CF2442AEC474BD9 /* Release */ = {
			isa = XCBuildConfiguration;
			buildSettings = {
				ASSETCATALOG_COMPILER_APPICON_NAME = "";
				CODE_SIGN_STYLE = Automatic;
				CURRENT_PROJECT_VERSION = 1;
				DEVELOPMENT_TEAM = "";
				GENERATE_INFOPLIST_FILE = NO;
				INFOPLIST_FILE = "PixelGridiron/App/Info.plist";
				LD_RUNPATH_SEARCH_PATHS = ("$(inherited)", "@executable_path/Frameworks");
				MARKETING_VERSION = 1.0;
				PRODUCT_BUNDLE_IDENTIFIER = com.example.pixelgridiron;
				PRODUCT_NAME = "$(TARGET_NAME)";
				SWIFT_EMIT_LOC_STRINGS = YES;
				TARGETED_DEVICE_FAMILY = "1,2";
			};
			name = Release;
		};
		293C08F900B811C6B877D56A /* Debug */ = {
			isa = XCBuildConfiguration;
			buildSettings = {
				ALWAYS_EMBED_SWIFT_STANDARD_LIBRARIES = YES;
				BUNDLE_LOADER = "$(TEST_HOST)";
				CODE_SIGN_STYLE = Automatic;
				CURRENT_PROJECT_VERSION = 1;
				DEVELOPMENT_TEAM = "";
				GENERATE_INFOPLIST_FILE = YES;
				MARKETING_VERSION = 1.0;
				PRODUCT_BUNDLE_IDENTIFIER = com.example.pixelgridiron.tests;
				PRODUCT_NAME = "$(TARGET_NAME)";
				TARGETED_DEVICE_FAMILY = "1,2";
				TEST_HOST = "$(BUILT_PRODUCTS_DIR)/PixelGridiron.app/$(BUNDLE_EXECUTABLE_FOLDER_PATH)/PixelGridiron";
			};
			name = Debug;
		};
		93902AAE95CA5299A5766C77 /* Release */ = {
			isa = XCBuildConfiguration;
			buildSettings = {
				ALWAYS_EMBED_SWIFT_STANDARD_LIBRARIES = YES;
				BUNDLE_LOADER = "$(TEST_HOST)";
				CODE_SIGN_STYLE = Automatic;
				CURRENT_PROJECT_VERSION = 1;
				DEVELOPMENT_TEAM = "";
				GENERATE_INFOPLIST_FILE = YES;
				MARKETING_VERSION = 1.0;
				PRODUCT_BUNDLE_IDENTIFIER = com.example.pixelgridiron.tests;
				PRODUCT_NAME = "$(TARGET_NAME)";
				TARGETED_DEVICE_FAMILY = "1,2";
				TEST_HOST = "$(BUILT_PRODUCTS_DIR)/PixelGridiron.app/$(BUNDLE_EXECUTABLE_FOLDER_PATH)/PixelGridiron";
			};
			name = Release;
		};
/* End XCBuildConfiguration section */

/* Begin XCConfigurationList section */
		6837287988C1CC05DDAF8361 /* Build configuration list for PBXProject "PixelGridiron" */ = {
			isa = XCConfigurationList;
			buildConfigurations = (
				8CDD8CB06606F54773C82E58 /* Debug */,
				460E2D2070A11B43B5DCA1A0 /* Release */,
			);
			defaultConfigurationIsVisible = 0;
			defaultConfigurationName = Release;
		};
		FD16D670E45874076B99FED6 /* Build configuration list for PBXNativeTarget "PixelGridiron" */ = {
			isa = XCConfigurationList;
			buildConfigurations = (
				00DFBEAE38A9669F7D45932F /* Debug */,
				EE3499269CF2442AEC474BD9 /* Release */,
			);
			defaultConfigurationIsVisible = 0;
			defaultConfigurationName = Release;
		};
		D932FDDCE1AC30B85F564109 /* Build configuration list for PBXNativeTarget "PixelGridironTests" */ = {
			isa = XCConfigurationList;
			buildConfigurations = (
				293C08F900B811C6B877D56A /* Debug */,
				93902AAE95CA5299A5766C77 /* Release */,
			);
			defaultConfigurationIsVisible = 0;
			defaultConfigurationName = Release;
		};
/* End XCConfigurationList section */
	};
	rootObject = 7199E3342D086E4F01A0625F /* Project object */;
}
